
Microsoft Visual Studio Solution File, Format Version 12.00
# Visual Studio Version 17
VisualStudioVersion = 17.1.32328.378
MinimumVisualStudioVersion = 10.0.40219.1
Project("{8BC9CEB8-8B4A-11D0-8D11-00A0C91BC942}") = "GagaTalk", "src\GagaTalk.vcxproj", "{9C3D35A4-7C98-471F-903D-94BFFCC2B8AB}"
EndProject
Project("{8BC9CEB8-8B4A-11D0-8D11-00A0C91BC942}") = "GagaTalkServer", "src\GagaTalkServer.vcxproj", "{C382B156-C261-40E2-BD31-1E3DB11AD9E3}"
EndProject
Project("{8BC9CEB8-8B4A-11D0-8D11-00A0C91BC942}") = "Update", "src\Update.vcxproj", "{6D286448-9284-4898-A74D-5E4399F86BB9}"
EndProject
Global
	GlobalSection(SolutionConfigurationPlatforms) = preSolution
		Debug|ARM = Debug|ARM
		Debug|x64 = Debug|x64
		Debug|x86 = Debug|x86
		Release|ARM = Release|ARM
		Release|x64 = Release|x64
		Release|x86 = Release|x86
	EndGlobalSection
	GlobalSection(ProjectConfigurationPlatforms) = postSolution
		{9C3D35A4-7C98-471F-903D-94BFFCC2B8AB}.Debug|ARM.ActiveCfg = Debug|ARM
		{9C3D35A4-7C98-471F-903D-94BFFCC2B8AB}.Debug|ARM.Build.0 = Debug|ARM
		{9C3D35A4-7C98-471F-903D-94BFFCC2B8AB}.Debug|x64.ActiveCfg = Debug|x64
		{9C3D35A4-7C98-471F-903D-94BFFCC2B8AB}.Debug|x64.Build.0 = Debug|x64
		{9C3D35A4-7C98-471F-903D-94BFFCC2B8AB}.Debug|x86.ActiveCfg = Debug|Win32
		{9C3D35A4-7C98-471F-903D-94BFFCC2B8AB}.Debug|x86.Build.0 = Debug|Win32
		{9C3D35A4-7C98-471F-903D-94BFFCC2B8AB}.Release|ARM.ActiveCfg = Release|ARM
		{9C3D35A4-7C98-471F-903D-94BFFCC2B8AB}.Release|ARM.Build.0 = Release|ARM
		{9C3D35A4-7C98-471F-903D-94BFFCC2B8AB}.Release|x64.ActiveCfg = Release|x64
		{9C3D35A4-7C98-471F-903D-94BFFCC2B8AB}.Release|x64.Build.0 = Release|x64
		{9C3D35A4-7C98-471F-903D-94BFFCC2B8AB}.Release|x86.ActiveCfg = Release|Win32
		{9C3D35A4-7C98-471F-903D-94BFFCC2B8AB}.Release|x86.Build.0 = Release|Win32
		{C382B156-C261-40E2-BD31-1E3DB11AD9E3}.Debug|ARM.ActiveCfg = Debug|ARM
		{C382B156-C261-40E2-BD31-1E3DB11AD9E3}.Debug|ARM.Build.0 = Debug|ARM
		{C382B156-C261-40E2-BD31-1E3DB11AD9E3}.Debug|x64.ActiveCfg = Debug|x64
		{C382B156-C261-40E2-BD31-1E3DB11AD9E3}.Debug|x64.Build.0 = Debug|x64
		{C382B156-C261-40E2-BD31-1E3DB11AD9E3}.Debug|x86.ActiveCfg = Debug|Win32
		{C382B156-C261-40E2-BD31-1E3DB11AD9E3}.Debug|x86.Build.0 = Debug|Win32
		{C382B156-C261-40E2-BD31-1E3DB11AD9E3}.Release|ARM.ActiveCfg = Release|ARM
		{C382B156-C261-40E2-BD31-1E3DB11AD9E3}.Release|ARM.Build.0 = Release|ARM
		{C382B156-C261-40E2-BD31-1E3DB11AD9E3}.Release|x64.ActiveCfg = Release|x64
		{C382B156-C261-40E2-BD31-1E3DB11AD9E3}.Release|x64.Build.0 = Release|x64
		{C382B156-C261-40E2-BD31-1E3DB11AD9E3}.Release|x86.ActiveCfg = Release|Win32
		{C382B156-C261-40E2-BD31-1E3DB11AD9E3}.Release|x86.Build.0 = Release|Win32
		{6D286448-9284-4898-A74D-5E4399F86BB9}.Debug|ARM.ActiveCfg = Debug|ARM
		{6D286448-9284-4898-A74D-5E4399F86BB9}.Debug|ARM.Build.0 = Debug|ARM
		{6D286448-9284-4898-A74D-5E4399F86BB9}.Debug|x64.ActiveCfg = Debug|x64
		{6D286448-9284-4898-A74D-5E4399F86BB9}.Debug|x64.Build.0 = Debug|x64
		{6D286448-9284-4898-A74D-5E4399F86BB9}.Debug|x86.ActiveCfg = Debug|Win32
		{6D286448-9284-4898-A74D-5E4399F86BB9}.Debug|x86.Build.0 = Debug|Win32
		{6D286448-9284-4898-A74D-5E4399F86BB9}.Release|ARM.ActiveCfg = Release|ARM
		{6D286448-9284-4898-A74D-5E4399F86BB9}.Release|ARM.Build.0 = Release|ARM
		{6D286448-9284-4898-A74D-5E4399F86BB9}.Release|x64.ActiveCfg = Release|x64
		{6D286448-9284-4898-A74D-5E4399F86BB9}.Release|x64.Build.0 = Release|x64
		{6D286448-9284-4898-A74D-5E4399F86BB9}.Release|x86.ActiveCfg = Release|Win32
		{6D286448-9284-4898-A74D-5E4399F86BB9}.Release|x86.Build.0 = Release|Win32
	EndGlobalSection
	GlobalSection(SolutionProperties) = preSolution
		HideSolutionNode = FALSE
	EndGlobalSection
	GlobalSection(ExtensibilityGlobals) = postSolution
		SolutionGuid = {12FE66AF-8184-431C-992E-469E04E22F11}
	EndGlobalSection
EndGlobal
